// !$*UTF8*$!
{
	archiveVersion = 1;
	classes = {
	};
	objectVersion = 46;
	objects = {

/* Begin PBXFileReference section */
		8B11C6E21D0D3B9E00693D78 /* .gitignore */ = {isa = PBXFileReference; fileEncoding = 4; lastKnownFileType = text; path = .gitignore; sourceTree = "<group>"; };
		8B11C6E31D0D3B9E00693D78 /* extconf.h */ = {isa = PBXFileReference; fileEncoding = 4; lastKnownFileType = sourcecode.c.h; path = extconf.h; sourceTree = "<group>"; };
		8B11C6E41D0D3B9E00693D78 /* extconf.rb */ = {isa = PBXFileReference; fileEncoding = 4; lastKnownFileType = text.script.ruby; path = extconf.rb; sourceTree = "<group>"; };
		8B11C6E51D0D3B9E00693D78 /* libxml.c */ = {isa = PBXFileReference; fileEncoding = 4; lastKnownFileType = sourcecode.c.c; path = libxml.c; sourceTree = "<group>"; };
		8B11C6E61D0D3B9E00693D78 /* libxml.o */ = {isa = PBXFileReference; lastKnownFileType = "compiled.mach-o.objfile"; path = libxml.o; sourceTree = "<group>"; };
		8B11C6E71D0D3B9E00693D78 /* libxml_ruby.bundle */ = {isa = PBXFileReference; lastKnownFileType = "compiled.mach-o.bundle"; path = libxml_ruby.bundle; sourceTree = "<group>"; };
		8B11C6E81D0D3B9F00693D78 /* libxml_ruby.def */ = {isa = PBXFileReference; fileEncoding = 4; lastKnownFileType = text; path = libxml_ruby.def; sourceTree = "<group>"; };
		8B11C6E91D0D3B9F00693D78 /* Makefile */ = {isa = PBXFileReference; fileEncoding = 4; lastKnownFileType = sourcecode.make; path = Makefile; sourceTree = "<group>"; };
		8B11C6EA1D0D3B9F00693D78 /* ruby_libxml.h */ = {isa = PBXFileReference; fileEncoding = 4; lastKnownFileType = sourcecode.c.h; path = ruby_libxml.h; sourceTree = "<group>"; };
		8B11C6EB1D0D3B9F00693D78 /* ruby_xml.c */ = {isa = PBXFileReference; fileEncoding = 4; lastKnownFileType = sourcecode.c.c; path = ruby_xml.c; sourceTree = "<group>"; };
		8B11C6EC1D0D3B9F00693D78 /* ruby_xml.h */ = {isa = PBXFileReference; fileEncoding = 4; lastKnownFileType = sourcecode.c.h; path = ruby_xml.h; sourceTree = "<group>"; };
		8B11C6ED1D0D3B9F00693D78 /* ruby_xml.o */ = {isa = PBXFileReference; lastKnownFileType = "compiled.mach-o.objfile"; path = ruby_xml.o; sourceTree = "<group>"; };
		8B11C6EE1D0D3B9F00693D78 /* ruby_xml_attr.c */ = {isa = PBXFileReference; fileEncoding = 4; lastKnownFileType = sourcecode.c.c; path = ruby_xml_attr.c; sourceTree = "<group>"; };
		8B11C6EF1D0D3B9F00693D78 /* ruby_xml_attr.h */ = {isa = PBXFileReference; fileEncoding = 4; lastKnownFileType = sourcecode.c.h; path = ruby_xml_attr.h; sourceTree = "<group>"; };
		8B11C6F01D0D3B9F00693D78 /* ruby_xml_attr.o */ = {isa = PBXFileReference; lastKnownFileType = "compiled.mach-o.objfile"; path = ruby_xml_attr.o; sourceTree = "<group>"; };
		8B11C6F11D0D3B9F00693D78 /* ruby_xml_attr_decl.c */ = {isa = PBXFileReference; fileEncoding = 4; lastKnownFileType = sourcecode.c.c; path = ruby_xml_attr_decl.c; sourceTree = "<group>"; };
		8B11C6F21D0D3B9F00693D78 /* ruby_xml_attr_decl.h */ = {isa = PBXFileReference; fileEncoding = 4; lastKnownFileType = sourcecode.c.h; path = ruby_xml_attr_decl.h; sourceTree = "<group>"; };
		8B11C6F31D0D3B9F00693D78 /* ruby_xml_attr_decl.o */ = {isa = PBXFileReference; lastKnownFileType = "compiled.mach-o.objfile"; path = ruby_xml_attr_decl.o; sourceTree = "<group>"; };
		8B11C6F41D0D3B9F00693D78 /* ruby_xml_attributes.c */ = {isa = PBXFileReference; fileEncoding = 4; lastKnownFileType = sourcecode.c.c; path = ruby_xml_attributes.c; sourceTree = "<group>"; };
		8B11C6F51D0D3B9F00693D78 /* ruby_xml_attributes.h */ = {isa = PBXFileReference; fileEncoding = 4; lastKnownFileType = sourcecode.c.h; path = ruby_xml_attributes.h; sourceTree = "<group>"; };
		8B11C6F61D0D3B9F00693D78 /* ruby_xml_attributes.o */ = {isa = PBXFileReference; lastKnownFileType = "compiled.mach-o.objfile"; path = ruby_xml_attributes.o; sourceTree = "<group>"; };
		8B11C6F71D0D3B9F00693D78 /* ruby_xml_cbg.c */ = {isa = PBXFileReference; fileEncoding = 4; lastKnownFileType = sourcecode.c.c; path = ruby_xml_cbg.c; sourceTree = "<group>"; };
		8B11C6F81D0D3B9F00693D78 /* ruby_xml_cbg.o */ = {isa = PBXFileReference; lastKnownFileType = "compiled.mach-o.objfile"; path = ruby_xml_cbg.o; sourceTree = "<group>"; };
		8B11C6F91D0D3B9F00693D78 /* ruby_xml_document.c */ = {isa = PBXFileReference; fileEncoding = 4; lastKnownFileType = sourcecode.c.c; path = ruby_xml_document.c; sourceTree = "<group>"; };
		8B11C6FA1D0D3B9F00693D78 /* ruby_xml_document.h */ = {isa = PBXFileReference; fileEncoding = 4; lastKnownFileType = sourcecode.c.h; path = ruby_xml_document.h; sourceTree = "<group>"; };
		8B11C6FB1D0D3B9F00693D78 /* ruby_xml_document.o */ = {isa = PBXFileReference; lastKnownFileType = "compiled.mach-o.objfile"; path = ruby_xml_document.o; sourceTree = "<group>"; };
		8B11C6FC1D0D3B9F00693D78 /* ruby_xml_dtd.c */ = {isa = PBXFileReference; fileEncoding = 4; lastKnownFileType = sourcecode.c.c; path = ruby_xml_dtd.c; sourceTree = "<group>"; };
		8B11C6FD1D0D3B9F00693D78 /* ruby_xml_dtd.h */ = {isa = PBXFileReference; fileEncoding = 4; lastKnownFileType = sourcecode.c.h; path = ruby_xml_dtd.h; sourceTree = "<group>"; };
		8B11C6FE1D0D3B9F00693D78 /* ruby_xml_dtd.o */ = {isa = PBXFileReference; lastKnownFileType = "compiled.mach-o.objfile"; path = ruby_xml_dtd.o; sourceTree = "<group>"; };
		8B11C6FF1D0D3B9F00693D78 /* ruby_xml_encoding.c */ = {isa = PBXFileReference; fileEncoding = 4; lastKnownFileType = sourcecode.c.c; path = ruby_xml_encoding.c; sourceTree = "<group>"; };
		8B11C7001D0D3B9F00693D78 /* ruby_xml_encoding.h */ = {isa = PBXFileReference; fileEncoding = 4; lastKnownFileType = sourcecode.c.h; path = ruby_xml_encoding.h; sourceTree = "<group>"; };
		8B11C7011D0D3B9F00693D78 /* ruby_xml_encoding.o */ = {isa = PBXFileReference; lastKnownFileType = "compiled.mach-o.objfile"; path = ruby_xml_encoding.o; sourceTree = "<group>"; };
		8B11C7021D0D3B9F00693D78 /* ruby_xml_error.c */ = {isa = PBXFileReference; fileEncoding = 4; lastKnownFileType = sourcecode.c.c; path = ruby_xml_error.c; sourceTree = "<group>"; };
		8B11C7031D0D3B9F00693D78 /* ruby_xml_error.h */ = {isa = PBXFileReference; fileEncoding = 4; lastKnownFileType = sourcecode.c.h; path = ruby_xml_error.h; sourceTree = "<group>"; };
		8B11C7041D0D3B9F00693D78 /* ruby_xml_error.o */ = {isa = PBXFileReference; lastKnownFileType = "compiled.mach-o.objfile"; path = ruby_xml_error.o; sourceTree = "<group>"; };
		8B11C7051D0D3B9F00693D78 /* ruby_xml_html_parser.c */ = {isa = PBXFileReference; fileEncoding = 4; lastKnownFileType = sourcecode.c.c; path = ruby_xml_html_parser.c; sourceTree = "<group>"; };
		8B11C7061D0D3B9F00693D78 /* ruby_xml_html_parser.h */ = {isa = PBXFileReference; fileEncoding = 4; lastKnownFileType = sourcecode.c.h; path = ruby_xml_html_parser.h; sourceTree = "<group>"; };
		8B11C7071D0D3B9F00693D78 /* ruby_xml_html_parser.o */ = {isa = PBXFileReference; lastKnownFileType = "compiled.mach-o.objfile"; path = ruby_xml_html_parser.o; sourceTree = "<group>"; };
		8B11C7081D0D3B9F00693D78 /* ruby_xml_html_parser_context.c */ = {isa = PBXFileReference; fileEncoding = 4; lastKnownFileType = sourcecode.c.c; path = ruby_xml_html_parser_context.c; sourceTree = "<group>"; };
		8B11C7091D0D3B9F00693D78 /* ruby_xml_html_parser_context.h */ = {isa = PBXFileReference; fileEncoding = 4; lastKnownFileType = sourcecode.c.h; path = ruby_xml_html_parser_context.h; sourceTree = "<group>"; };
		8B11C70A1D0D3B9F00693D78 /* ruby_xml_html_parser_context.o */ = {isa = PBXFileReference; lastKnownFileType = "compiled.mach-o.objfile"; path = ruby_xml_html_parser_context.o; sourceTree = "<group>"; };
		8B11C70B1D0D3B9F00693D78 /* ruby_xml_html_parser_options.c */ = {isa = PBXFileReference; fileEncoding = 4; lastKnownFileType = sourcecode.c.c; path = ruby_xml_html_parser_options.c; sourceTree = "<group>"; };
		8B11C70C1D0D3B9F00693D78 /* ruby_xml_html_parser_options.h */ = {isa = PBXFileReference; fileEncoding = 4; lastKnownFileType = sourcecode.c.h; path = ruby_xml_html_parser_options.h; sourceTree = "<group>"; };
		8B11C70D1D0D3B9F00693D78 /* ruby_xml_html_parser_options.o */ = {isa = PBXFileReference; lastKnownFileType = "compiled.mach-o.objfile"; path = ruby_xml_html_parser_options.o; sourceTree = "<group>"; };
		8B11C70E1D0D3B9F00693D78 /* ruby_xml_input_cbg.c */ = {isa = PBXFileReference; fileEncoding = 4; lastKnownFileType = sourcecode.c.c; path = ruby_xml_input_cbg.c; sourceTree = "<group>"; };
		8B11C70F1D0D3B9F00693D78 /* ruby_xml_input_cbg.h */ = {isa = PBXFileReference; fileEncoding = 4; lastKnownFileType = sourcecode.c.h; path = ruby_xml_input_cbg.h; sourceTree = "<group>"; };
		8B11C7101D0D3B9F00693D78 /* ruby_xml_input_cbg.o */ = {isa = PBXFileReference; lastKnownFileType = "compiled.mach-o.objfile"; path = ruby_xml_input_cbg.o; sourceTree = "<group>"; };
		8B11C7111D0D3B9F00693D78 /* ruby_xml_io.c */ = {isa = PBXFileReference; fileEncoding = 4; lastKnownFileType = sourcecode.c.c; path = ruby_xml_io.c; sourceTree = "<group>"; };
		8B11C7121D0D3B9F00693D78 /* ruby_xml_io.h */ = {isa = PBXFileReference; fileEncoding = 4; lastKnownFileType = sourcecode.c.h; path = ruby_xml_io.h; sourceTree = "<group>"; };
		8B11C7131D0D3B9F00693D78 /* ruby_xml_io.o */ = {isa = PBXFileReference; lastKnownFileType = "compiled.mach-o.objfile"; path = ruby_xml_io.o; sourceTree = "<group>"; };
		8B11C7141D0D3B9F00693D78 /* ruby_xml_namespace.c */ = {isa = PBXFileReference; fileEncoding = 4; lastKnownFileType = sourcecode.c.c; path = ruby_xml_namespace.c; sourceTree = "<group>"; };
		8B11C7151D0D3B9F00693D78 /* ruby_xml_namespace.h */ = {isa = PBXFileReference; fileEncoding = 4; lastKnownFileType = sourcecode.c.h; path = ruby_xml_namespace.h; sourceTree = "<group>"; };
		8B11C7161D0D3B9F00693D78 /* ruby_xml_namespace.o */ = {isa = PBXFileReference; lastKnownFileType = "compiled.mach-o.objfile"; path = ruby_xml_namespace.o; sourceTree = "<group>"; };
		8B11C7171D0D3B9F00693D78 /* ruby_xml_namespaces.c */ = {isa = PBXFileReference; fileEncoding = 4; lastKnownFileType = sourcecode.c.c; path = ruby_xml_namespaces.c; sourceTree = "<group>"; };
		8B11C7181D0D3B9F00693D78 /* ruby_xml_namespaces.h */ = {isa = PBXFileReference; fileEncoding = 4; lastKnownFileType = sourcecode.c.h; path = ruby_xml_namespaces.h; sourceTree = "<group>"; };
		8B11C7191D0D3B9F00693D78 /* ruby_xml_namespaces.o */ = {isa = PBXFileReference; lastKnownFileType = "compiled.mach-o.objfile"; path = ruby_xml_namespaces.o; sourceTree = "<group>"; };
		8B11C71A1D0D3B9F00693D78 /* ruby_xml_node.c */ = {isa = PBXFileReference; fileEncoding = 4; lastKnownFileType = sourcecode.c.c; path = ruby_xml_node.c; sourceTree = "<group>"; };
		8B11C71B1D0D3B9F00693D78 /* ruby_xml_node.h */ = {isa = PBXFileReference; fileEncoding = 4; lastKnownFileType = sourcecode.c.h; path = ruby_xml_node.h; sourceTree = "<group>"; };
		8B11C71C1D0D3B9F00693D78 /* ruby_xml_node.o */ = {isa = PBXFileReference; lastKnownFileType = "compiled.mach-o.objfile"; path = ruby_xml_node.o; sourceTree = "<group>"; };
		8B11C71D1D0D3B9F00693D78 /* ruby_xml_parser.c */ = {isa = PBXFileReference; fileEncoding = 4; lastKnownFileType = sourcecode.c.c; path = ruby_xml_parser.c; sourceTree = "<group>"; };
		8B11C71E1D0D3B9F00693D78 /* ruby_xml_parser.h */ = {isa = PBXFileReference; fileEncoding = 4; lastKnownFileType = sourcecode.c.h; path = ruby_xml_parser.h; sourceTree = "<group>"; };
		8B11C71F1D0D3B9F00693D78 /* ruby_xml_parser.o */ = {isa = PBXFileReference; lastKnownFileType = "compiled.mach-o.objfile"; path = ruby_xml_parser.o; sourceTree = "<group>"; };
		8B11C7201D0D3B9F00693D78 /* ruby_xml_parser_context.c */ = {isa = PBXFileReference; fileEncoding = 4; lastKnownFileType = sourcecode.c.c; path = ruby_xml_parser_context.c; sourceTree = "<group>"; };
		8B11C7211D0D3B9F00693D78 /* ruby_xml_parser_context.h */ = {isa = PBXFileReference; fileEncoding = 4; lastKnownFileType = sourcecode.c.h; path = ruby_xml_parser_context.h; sourceTree = "<group>"; };
		8B11C7221D0D3B9F00693D78 /* ruby_xml_parser_context.o */ = {isa = PBXFileReference; lastKnownFileType = "compiled.mach-o.objfile"; path = ruby_xml_parser_context.o; sourceTree = "<group>"; };
		8B11C7231D0D3B9F00693D78 /* ruby_xml_parser_options.c */ = {isa = PBXFileReference; fileEncoding = 4; lastKnownFileType = sourcecode.c.c; path = ruby_xml_parser_options.c; sourceTree = "<group>"; };
		8B11C7241D0D3B9F00693D78 /* ruby_xml_parser_options.h */ = {isa = PBXFileReference; fileEncoding = 4; lastKnownFileType = sourcecode.c.h; path = ruby_xml_parser_options.h; sourceTree = "<group>"; };
		8B11C7251D0D3B9F00693D78 /* ruby_xml_parser_options.o */ = {isa = PBXFileReference; lastKnownFileType = "compiled.mach-o.objfile"; path = ruby_xml_parser_options.o; sourceTree = "<group>"; };
		8B11C7261D0D3B9F00693D78 /* ruby_xml_reader.c */ = {isa = PBXFileReference; fileEncoding = 4; lastKnownFileType = sourcecode.c.c; path = ruby_xml_reader.c; sourceTree = "<group>"; };
		8B11C7271D0D3B9F00693D78 /* ruby_xml_reader.h */ = {isa = PBXFileReference; fileEncoding = 4; lastKnownFileType = sourcecode.c.h; path = ruby_xml_reader.h; sourceTree = "<group>"; };
		8B11C7281D0D3B9F00693D78 /* ruby_xml_reader.o */ = {isa = PBXFileReference; lastKnownFileType = "compiled.mach-o.objfile"; path = ruby_xml_reader.o; sourceTree = "<group>"; };
		8B11C7291D0D3B9F00693D78 /* ruby_xml_relaxng.c */ = {isa = PBXFileReference; fileEncoding = 4; lastKnownFileType = sourcecode.c.c; path = ruby_xml_relaxng.c; sourceTree = "<group>"; };
		8B11C72A1D0D3B9F00693D78 /* ruby_xml_relaxng.h */ = {isa = PBXFileReference; fileEncoding = 4; lastKnownFileType = sourcecode.c.h; path = ruby_xml_relaxng.h; sourceTree = "<group>"; };
		8B11C72B1D0D3B9F00693D78 /* ruby_xml_relaxng.o */ = {isa = PBXFileReference; lastKnownFileType = "compiled.mach-o.objfile"; path = ruby_xml_relaxng.o; sourceTree = "<group>"; };
		8B11C72C1D0D3B9F00693D78 /* ruby_xml_sax2_handler.c */ = {isa = PBXFileReference; fileEncoding = 4; lastKnownFileType = sourcecode.c.c; path = ruby_xml_sax2_handler.c; sourceTree = "<group>"; };
		8B11C72D1D0D3B9F00693D78 /* ruby_xml_sax2_handler.h */ = {isa = PBXFileReference; fileEncoding = 4; lastKnownFileType = sourcecode.c.h; path = ruby_xml_sax2_handler.h; sourceTree = "<group>"; };
		8B11C72E1D0D3B9F00693D78 /* ruby_xml_sax2_handler.o */ = {isa = PBXFileReference; lastKnownFileType = "compiled.mach-o.objfile"; path = ruby_xml_sax2_handler.o; sourceTree = "<group>"; };
		8B11C72F1D0D3B9F00693D78 /* ruby_xml_sax_parser.c */ = {isa = PBXFileReference; fileEncoding = 4; lastKnownFileType = sourcecode.c.c; path = ruby_xml_sax_parser.c; sourceTree = "<group>"; };
		8B11C7301D0D3B9F00693D78 /* ruby_xml_sax_parser.h */ = {isa = PBXFileReference; fileEncoding = 4; lastKnownFileType = sourcecode.c.h; path = ruby_xml_sax_parser.h; sourceTree = "<group>"; };
		8B11C7311D0D3B9F00693D78 /* ruby_xml_sax_parser.o */ = {isa = PBXFileReference; lastKnownFileType = "compiled.mach-o.objfile"; path = ruby_xml_sax_parser.o; sourceTree = "<group>"; };
		8B11C7321D0D3B9F00693D78 /* ruby_xml_schema.c */ = {isa = PBXFileReference; fileEncoding = 4; lastKnownFileType = sourcecode.c.c; path = ruby_xml_schema.c; sourceTree = "<group>"; };
		8B11C7331D0D3B9F00693D78 /* ruby_xml_schema.h */ = {isa = PBXFileReference; fileEncoding = 4; lastKnownFileType = sourcecode.c.h; path = ruby_xml_schema.h; sourceTree = "<group>"; };
		8B11C7341D0D3B9F00693D78 /* ruby_xml_schema.o */ = {isa = PBXFileReference; lastKnownFileType = "compiled.mach-o.objfile"; path = ruby_xml_schema.o; sourceTree = "<group>"; };
		8B11C7351D0D3B9F00693D78 /* ruby_xml_schema_attribute.c */ = {isa = PBXFileReference; fileEncoding = 4; lastKnownFileType = sourcecode.c.c; path = ruby_xml_schema_attribute.c; sourceTree = "<group>"; };
		8B11C7361D0D3B9F00693D78 /* ruby_xml_schema_attribute.h */ = {isa = PBXFileReference; fileEncoding = 4; lastKnownFileType = sourcecode.c.h; path = ruby_xml_schema_attribute.h; sourceTree = "<group>"; };
		8B11C7371D0D3B9F00693D78 /* ruby_xml_schema_attribute.o */ = {isa = PBXFileReference; lastKnownFileType = "compiled.mach-o.objfile"; path = ruby_xml_schema_attribute.o; sourceTree = "<group>"; };
		8B11C7381D0D3B9F00693D78 /* ruby_xml_schema_element.c */ = {isa = PBXFileReference; fileEncoding = 4; lastKnownFileType = sourcecode.c.c; path = ruby_xml_schema_element.c; sourceTree = "<group>"; };
		8B11C7391D0D3B9F00693D78 /* ruby_xml_schema_element.h */ = {isa = PBXFileReference; fileEncoding = 4; lastKnownFileType = sourcecode.c.h; path = ruby_xml_schema_element.h; sourceTree = "<group>"; };
		8B11C73A1D0D3B9F00693D78 /* ruby_xml_schema_element.o */ = {isa = PBXFileReference; lastKnownFileType = "compiled.mach-o.objfile"; path = ruby_xml_schema_element.o; sourceTree = "<group>"; };
		8B11C73B1D0D3B9F00693D78 /* ruby_xml_schema_facet.c */ = {isa = PBXFileReference; fileEncoding = 4; lastKnownFileType = sourcecode.c.c; path = ruby_xml_schema_facet.c; sourceTree = "<group>"; };
		8B11C73C1D0D3B9F00693D78 /* ruby_xml_schema_facet.h */ = {isa = PBXFileReference; fileEncoding = 4; lastKnownFileType = sourcecode.c.h; path = ruby_xml_schema_facet.h; sourceTree = "<group>"; };
		8B11C73D1D0D3B9F00693D78 /* ruby_xml_schema_facet.o */ = {isa = PBXFileReference; lastKnownFileType = "compiled.mach-o.objfile"; path = ruby_xml_schema_facet.o; sourceTree = "<group>"; };
		8B11C73E1D0D3B9F00693D78 /* ruby_xml_schema_type.c */ = {isa = PBXFileReference; fileEncoding = 4; lastKnownFileType = sourcecode.c.c; path = ruby_xml_schema_type.c; sourceTree = "<group>"; };
		8B11C73F1D0D3B9F00693D78 /* ruby_xml_schema_type.h */ = {isa = PBXFileReference; fileEncoding = 4; lastKnownFileType = sourcecode.c.h; path = ruby_xml_schema_type.h; sourceTree = "<group>"; };
		8B11C7401D0D3B9F00693D78 /* ruby_xml_schema_type.o */ = {isa = PBXFileReference; lastKnownFileType = "compiled.mach-o.objfile"; path = ruby_xml_schema_type.o; sourceTree = "<group>"; };
		8B11C7411D0D3B9F00693D78 /* ruby_xml_version.h */ = {isa = PBXFileReference; fileEncoding = 4; lastKnownFileType = sourcecode.c.h; path = ruby_xml_version.h; sourceTree = "<group>"; };
		8B11C7421D0D3B9F00693D78 /* ruby_xml_writer.c */ = {isa = PBXFileReference; fileEncoding = 4; lastKnownFileType = sourcecode.c.c; path = ruby_xml_writer.c; sourceTree = "<group>"; };
		8B11C7431D0D3B9F00693D78 /* ruby_xml_writer.h */ = {isa = PBXFileReference; fileEncoding = 4; lastKnownFileType = sourcecode.c.h; path = ruby_xml_writer.h; sourceTree = "<group>"; };
		8B11C7441D0D3B9F00693D78 /* ruby_xml_writer.o */ = {isa = PBXFileReference; lastKnownFileType = "compiled.mach-o.objfile"; path = ruby_xml_writer.o; sourceTree = "<group>"; };
		8B11C7451D0D3B9F00693D78 /* ruby_xml_xinclude.c */ = {isa = PBXFileReference; fileEncoding = 4; lastKnownFileType = sourcecode.c.c; path = ruby_xml_xinclude.c; sourceTree = "<group>"; };
		8B11C7461D0D3B9F00693D78 /* ruby_xml_xinclude.h */ = {isa = PBXFileReference; fileEncoding = 4; lastKnownFileType = sourcecode.c.h; path = ruby_xml_xinclude.h; sourceTree = "<group>"; };
		8B11C7471D0D3B9F00693D78 /* ruby_xml_xinclude.o */ = {isa = PBXFileReference; lastKnownFileType = "compiled.mach-o.objfile"; path = ruby_xml_xinclude.o; sourceTree = "<group>"; };
		8B11C7481D0D3B9F00693D78 /* ruby_xml_xpath.c */ = {isa = PBXFileReference; fileEncoding = 4; lastKnownFileType = sourcecode.c.c; path = ruby_xml_xpath.c; sourceTree = "<group>"; };
		8B11C7491D0D3B9F00693D78 /* ruby_xml_xpath.h */ = {isa = PBXFileReference; fileEncoding = 4; lastKnownFileType = sourcecode.c.h; path = ruby_xml_xpath.h; sourceTree = "<group>"; };
		8B11C74A1D0D3B9F00693D78 /* ruby_xml_xpath.o */ = {isa = PBXFileReference; lastKnownFileType = "compiled.mach-o.objfile"; path = ruby_xml_xpath.o; sourceTree = "<group>"; };
		8B11C74B1D0D3B9F00693D78 /* ruby_xml_xpath_context.c */ = {isa = PBXFileReference; fileEncoding = 4; lastKnownFileType = sourcecode.c.c; path = ruby_xml_xpath_context.c; sourceTree = "<group>"; };
		8B11C74C1D0D3B9F00693D78 /* ruby_xml_xpath_context.h */ = {isa = PBXFileReference; fileEncoding = 4; lastKnownFileType = sourcecode.c.h; path = ruby_xml_xpath_context.h; sourceTree = "<group>"; };
		8B11C74D1D0D3B9F00693D78 /* ruby_xml_xpath_context.o */ = {isa = PBXFileReference; lastKnownFileType = "compiled.mach-o.objfile"; path = ruby_xml_xpath_context.o; sourceTree = "<group>"; };
		8B11C74E1D0D3B9F00693D78 /* ruby_xml_xpath_expression.c */ = {isa = PBXFileReference; fileEncoding = 4; lastKnownFileType = sourcecode.c.c; path = ruby_xml_xpath_expression.c; sourceTree = "<group>"; };
		8B11C74F1D0D3B9F00693D78 /* ruby_xml_xpath_expression.h */ = {isa = PBXFileReference; fileEncoding = 4; lastKnownFileType = sourcecode.c.h; path = ruby_xml_xpath_expression.h; sourceTree = "<group>"; };
		8B11C7501D0D3B9F00693D78 /* ruby_xml_xpath_expression.o */ = {isa = PBXFileReference; lastKnownFileType = "compiled.mach-o.objfile"; path = ruby_xml_xpath_expression.o; sourceTree = "<group>"; };
		8B11C7511D0D3B9F00693D78 /* ruby_xml_xpath_object.c */ = {isa = PBXFileReference; fileEncoding = 4; lastKnownFileType = sourcecode.c.c; path = ruby_xml_xpath_object.c; sourceTree = "<group>"; };
		8B11C7521D0D3B9F00693D78 /* ruby_xml_xpath_object.h */ = {isa = PBXFileReference; fileEncoding = 4; lastKnownFileType = sourcecode.c.h; path = ruby_xml_xpath_object.h; sourceTree = "<group>"; };
		8B11C7531D0D3B9F00693D78 /* ruby_xml_xpath_object.o */ = {isa = PBXFileReference; lastKnownFileType = "compiled.mach-o.objfile"; path = ruby_xml_xpath_object.o; sourceTree = "<group>"; };
		8B11C7541D0D3B9F00693D78 /* ruby_xml_xpointer.c */ = {isa = PBXFileReference; fileEncoding = 4; lastKnownFileType = sourcecode.c.c; path = ruby_xml_xpointer.c; sourceTree = "<group>"; };
		8B11C7551D0D3B9F00693D78 /* ruby_xml_xpointer.h */ = {isa = PBXFileReference; fileEncoding = 4; lastKnownFileType = sourcecode.c.h; path = ruby_xml_xpointer.h; sourceTree = "<group>"; };
		8B11C7561D0D3B9F00693D78 /* ruby_xml_xpointer.o */ = {isa = PBXFileReference; lastKnownFileType = "compiled.mach-o.objfile"; path = ruby_xml_xpointer.o; sourceTree = "<group>"; };
/* End PBXFileReference section */

/* Begin PBXGroup section */
		8B11C6551D0D309100693D78 = {
			isa = PBXGroup;
			children = (
				8B11C6E11D0D3B9E00693D78 /* libxml */,
				8B11C65F1D0D309100693D78 /* Products */,
			);
			sourceTree = "<group>";
		};
		8B11C65F1D0D309100693D78 /* Products */ = {
			isa = PBXGroup;
			children = (
			);
			name = Products;
			sourceTree = "<group>";
		};
		8B11C6E11D0D3B9E00693D78 /* libxml */ = {
			isa = PBXGroup;
			children = (
				8B11C6E21D0D3B9E00693D78 /* .gitignore */,
				8B11C6E31D0D3B9E00693D78 /* extconf.h */,
				8B11C6E41D0D3B9E00693D78 /* extconf.rb */,
				8B11C6E51D0D3B9E00693D78 /* libxml.c */,
				8B11C6E61D0D3B9E00693D78 /* libxml.o */,
				8B11C6E71D0D3B9E00693D78 /* libxml_ruby.bundle */,
				8B11C6E81D0D3B9F00693D78 /* libxml_ruby.def */,
				8B11C6E91D0D3B9F00693D78 /* Makefile */,
				8B11C6EA1D0D3B9F00693D78 /* ruby_libxml.h */,
				8B11C6EB1D0D3B9F00693D78 /* ruby_xml.c */,
				8B11C6EC1D0D3B9F00693D78 /* ruby_xml.h */,
				8B11C6ED1D0D3B9F00693D78 /* ruby_xml.o */,
				8B11C6EE1D0D3B9F00693D78 /* ruby_xml_attr.c */,
				8B11C6EF1D0D3B9F00693D78 /* ruby_xml_attr.h */,
				8B11C6F01D0D3B9F00693D78 /* ruby_xml_attr.o */,
				8B11C6F11D0D3B9F00693D78 /* ruby_xml_attr_decl.c */,
				8B11C6F21D0D3B9F00693D78 /* ruby_xml_attr_decl.h */,
				8B11C6F31D0D3B9F00693D78 /* ruby_xml_attr_decl.o */,
				8B11C6F41D0D3B9F00693D78 /* ruby_xml_attributes.c */,
				8B11C6F51D0D3B9F00693D78 /* ruby_xml_attributes.h */,
				8B11C6F61D0D3B9F00693D78 /* ruby_xml_attributes.o */,
				8B11C6F71D0D3B9F00693D78 /* ruby_xml_cbg.c */,
				8B11C6F81D0D3B9F00693D78 /* ruby_xml_cbg.o */,
				8B11C6F91D0D3B9F00693D78 /* ruby_xml_document.c */,
				8B11C6FA1D0D3B9F00693D78 /* ruby_xml_document.h */,
				8B11C6FB1D0D3B9F00693D78 /* ruby_xml_document.o */,
				8B11C6FC1D0D3B9F00693D78 /* ruby_xml_dtd.c */,
				8B11C6FD1D0D3B9F00693D78 /* ruby_xml_dtd.h */,
				8B11C6FE1D0D3B9F00693D78 /* ruby_xml_dtd.o */,
				8B11C6FF1D0D3B9F00693D78 /* ruby_xml_encoding.c */,
				8B11C7001D0D3B9F00693D78 /* ruby_xml_encoding.h */,
				8B11C7011D0D3B9F00693D78 /* ruby_xml_encoding.o */,
				8B11C7021D0D3B9F00693D78 /* ruby_xml_error.c */,
				8B11C7031D0D3B9F00693D78 /* ruby_xml_error.h */,
				8B11C7041D0D3B9F00693D78 /* ruby_xml_error.o */,
				8B11C7051D0D3B9F00693D78 /* ruby_xml_html_parser.c */,
				8B11C7061D0D3B9F00693D78 /* ruby_xml_html_parser.h */,
				8B11C7071D0D3B9F00693D78 /* ruby_xml_html_parser.o */,
				8B11C7081D0D3B9F00693D78 /* ruby_xml_html_parser_context.c */,
				8B11C7091D0D3B9F00693D78 /* ruby_xml_html_parser_context.h */,
				8B11C70A1D0D3B9F00693D78 /* ruby_xml_html_parser_context.o */,
				8B11C70B1D0D3B9F00693D78 /* ruby_xml_html_parser_options.c */,
				8B11C70C1D0D3B9F00693D78 /* ruby_xml_html_parser_options.h */,
				8B11C70D1D0D3B9F00693D78 /* ruby_xml_html_parser_options.o */,
				8B11C70E1D0D3B9F00693D78 /* ruby_xml_input_cbg.c */,
				8B11C70F1D0D3B9F00693D78 /* ruby_xml_input_cbg.h */,
				8B11C7101D0D3B9F00693D78 /* ruby_xml_input_cbg.o */,
				8B11C7111D0D3B9F00693D78 /* ruby_xml_io.c */,
				8B11C7121D0D3B9F00693D78 /* ruby_xml_io.h */,
				8B11C7131D0D3B9F00693D78 /* ruby_xml_io.o */,
				8B11C7141D0D3B9F00693D78 /* ruby_xml_namespace.c */,
				8B11C7151D0D3B9F00693D78 /* ruby_xml_namespace.h */,
				8B11C7161D0D3B9F00693D78 /* ruby_xml_namespace.o */,
				8B11C7171D0D3B9F00693D78 /* ruby_xml_namespaces.c */,
				8B11C7181D0D3B9F00693D78 /* ruby_xml_namespaces.h */,
				8B11C7191D0D3B9F00693D78 /* ruby_xml_namespaces.o */,
				8B11C71A1D0D3B9F00693D78 /* ruby_xml_node.c */,
				8B11C71B1D0D3B9F00693D78 /* ruby_xml_node.h */,
				8B11C71C1D0D3B9F00693D78 /* ruby_xml_node.o */,
				8B11C71D1D0D3B9F00693D78 /* ruby_xml_parser.c */,
				8B11C71E1D0D3B9F00693D78 /* ruby_xml_parser.h */,
				8B11C71F1D0D3B9F00693D78 /* ruby_xml_parser.o */,
				8B11C7201D0D3B9F00693D78 /* ruby_xml_parser_context.c */,
				8B11C7211D0D3B9F00693D78 /* ruby_xml_parser_context.h */,
				8B11C7221D0D3B9F00693D78 /* ruby_xml_parser_context.o */,
				8B11C7231D0D3B9F00693D78 /* ruby_xml_parser_options.c */,
				8B11C7241D0D3B9F00693D78 /* ruby_xml_parser_options.h */,
				8B11C7251D0D3B9F00693D78 /* ruby_xml_parser_options.o */,
				8B11C7261D0D3B9F00693D78 /* ruby_xml_reader.c */,
				8B11C7271D0D3B9F00693D78 /* ruby_xml_reader.h */,
				8B11C7281D0D3B9F00693D78 /* ruby_xml_reader.o */,
				8B11C7291D0D3B9F00693D78 /* ruby_xml_relaxng.c */,
				8B11C72A1D0D3B9F00693D78 /* ruby_xml_relaxng.h */,
				8B11C72B1D0D3B9F00693D78 /* ruby_xml_relaxng.o */,
				8B11C72C1D0D3B9F00693D78 /* ruby_xml_sax2_handler.c */,
				8B11C72D1D0D3B9F00693D78 /* ruby_xml_sax2_handler.h */,
				8B11C72E1D0D3B9F00693D78 /* ruby_xml_sax2_handler.o */,
				8B11C72F1D0D3B9F00693D78 /* ruby_xml_sax_parser.c */,
				8B11C7301D0D3B9F00693D78 /* ruby_xml_sax_parser.h */,
				8B11C7311D0D3B9F00693D78 /* ruby_xml_sax_parser.o */,
				8B11C7321D0D3B9F00693D78 /* ruby_xml_schema.c */,
				8B11C7331D0D3B9F00693D78 /* ruby_xml_schema.h */,
				8B11C7341D0D3B9F00693D78 /* ruby_xml_schema.o */,
				8B11C7351D0D3B9F00693D78 /* ruby_xml_schema_attribute.c */,
				8B11C7361D0D3B9F00693D78 /* ruby_xml_schema_attribute.h */,
				8B11C7371D0D3B9F00693D78 /* ruby_xml_schema_attribute.o */,
				8B11C7381D0D3B9F00693D78 /* ruby_xml_schema_element.c */,
				8B11C7391D0D3B9F00693D78 /* ruby_xml_schema_element.h */,
				8B11C73A1D0D3B9F00693D78 /* ruby_xml_schema_element.o */,
				8B11C73B1D0D3B9F00693D78 /* ruby_xml_schema_facet.c */,
				8B11C73C1D0D3B9F00693D78 /* ruby_xml_schema_facet.h */,
				8B11C73D1D0D3B9F00693D78 /* ruby_xml_schema_facet.o */,
				8B11C73E1D0D3B9F00693D78 /* ruby_xml_schema_type.c */,
				8B11C73F1D0D3B9F00693D78 /* ruby_xml_schema_type.h */,
				8B11C7401D0D3B9F00693D78 /* ruby_xml_schema_type.o */,
				8B11C7411D0D3B9F00693D78 /* ruby_xml_version.h */,
				8B11C7421D0D3B9F00693D78 /* ruby_xml_writer.c */,
				8B11C7431D0D3B9F00693D78 /* ruby_xml_writer.h */,
				8B11C7441D0D3B9F00693D78 /* ruby_xml_writer.o */,
				8B11C7451D0D3B9F00693D78 /* ruby_xml_xinclude.c */,
				8B11C7461D0D3B9F00693D78 /* ruby_xml_xinclude.h */,
				8B11C7471D0D3B9F00693D78 /* ruby_xml_xinclude.o */,
				8B11C7481D0D3B9F00693D78 /* ruby_xml_xpath.c */,
				8B11C7491D0D3B9F00693D78 /* ruby_xml_xpath.h */,
				8B11C74A1D0D3B9F00693D78 /* ruby_xml_xpath.o */,
				8B11C74B1D0D3B9F00693D78 /* ruby_xml_xpath_context.c */,
				8B11C74C1D0D3B9F00693D78 /* ruby_xml_xpath_context.h */,
				8B11C74D1D0D3B9F00693D78 /* ruby_xml_xpath_context.o */,
				8B11C74E1D0D3B9F00693D78 /* ruby_xml_xpath_expression.c */,
				8B11C74F1D0D3B9F00693D78 /* ruby_xml_xpath_expression.h */,
				8B11C7501D0D3B9F00693D78 /* ruby_xml_xpath_expression.o */,
				8B11C7511D0D3B9F00693D78 /* ruby_xml_xpath_object.c */,
				8B11C7521D0D3B9F00693D78 /* ruby_xml_xpath_object.h */,
				8B11C7531D0D3B9F00693D78 /* ruby_xml_xpath_object.o */,
				8B11C7541D0D3B9F00693D78 /* ruby_xml_xpointer.c */,
				8B11C7551D0D3B9F00693D78 /* ruby_xml_xpointer.h */,
				8B11C7561D0D3B9F00693D78 /* ruby_xml_xpointer.o */,
			);
			name = libxml;
			path = ../libxml;
			sourceTree = "<group>";
		};
/* End PBXGroup section */

/* Begin PBXLegacyTarget section */
		8B11C6671D0D30C300693D78 /* libxml-ruby */ = {
			isa = PBXLegacyTarget;
			buildArgumentsString = "$(ACTION)";
			buildConfigurationList = 8B11C6681D0D30C300693D78 /* Build configuration list for PBXLegacyTarget "libxml-ruby" */;
			buildPhases = (
			);
			buildToolPath = /usr/bin/make;
			buildWorkingDirectory = ../libxml;
			dependencies = (
			);
			name = "libxml-ruby";
			passBuildSettingsInEnvironment = 1;
			productName = "libxml-ruby";
		};
/* End PBXLegacyTarget section */

/* Begin PBXProject section */
		8B11C6561D0D309100693D78 /* Project object */ = {
			isa = PBXProject;
			attributes = {
				LastUpgradeCheck = 0730;
				ORGANIZATIONNAME = Zerista;
				TargetAttributes = {
					8B11C6671D0D30C300693D78 = {
						CreatedOnToolsVersion = 7.3.1;
					};
				};
			};
			buildConfigurationList = 8B11C6591D0D309100693D78 /* Build configuration list for PBXProject "libxml-ruby" */;
			compatibilityVersion = "Xcode 3.2";
			developmentRegion = English;
			hasScannedForEncodings = 0;
			knownRegions = (
				en,
			);
			mainGroup = 8B11C6551D0D309100693D78;
			productRefGroup = 8B11C65F1D0D309100693D78 /* Products */;
			projectDirPath = "";
			projectRoot = "";
			targets = (
				8B11C6671D0D30C300693D78 /* libxml-ruby */,
			);
		};
/* End PBXProject section */

/* Begin XCBuildConfiguration section */
		8B11C6621D0D309100693D78 /* Debug */ = {
			isa = XCBuildConfiguration;
			buildSettings = {
				ALWAYS_SEARCH_USER_PATHS = NO;
				CLANG_ANALYZER_NONNULL = YES;
				CLANG_CXX_LANGUAGE_STANDARD = "gnu++0x";
				CLANG_CXX_LIBRARY = "libc++";
				CLANG_ENABLE_MODULES = YES;
				CLANG_ENABLE_OBJC_ARC = YES;
				CLANG_WARN_BOOL_CONVERSION = YES;
				CLANG_WARN_CONSTANT_CONVERSION = YES;
				CLANG_WARN_DIRECT_OBJC_ISA_USAGE = YES_ERROR;
				CLANG_WARN_EMPTY_BODY = YES;
				CLANG_WARN_ENUM_CONVERSION = YES;
				CLANG_WARN_INT_CONVERSION = YES;
				CLANG_WARN_OBJC_ROOT_CLASS = YES_ERROR;
				CLANG_WARN_UNREACHABLE_CODE = YES;
				CLANG_WARN__DUPLICATE_METHOD_MATCH = YES;
				CODE_SIGN_IDENTITY = "-";
				COPY_PHASE_STRIP = NO;
				DEBUG_INFORMATION_FORMAT = dwarf;
				ENABLE_STRICT_OBJC_MSGSEND = YES;
				ENABLE_TESTABILITY = YES;
				GCC_C_LANGUAGE_STANDARD = gnu99;
				GCC_DYNAMIC_NO_PIC = NO;
				GCC_NO_COMMON_BLOCKS = YES;
				GCC_OPTIMIZATION_LEVEL = 0;
				GCC_PREPROCESSOR_DEFINITIONS = (
					"DEBUG=1",
					"$(inherited)",
				);
				GCC_WARN_64_TO_32_BIT_CONVERSION = YES;
				GCC_WARN_ABOUT_RETURN_TYPE = YES_ERROR;
				GCC_WARN_UNDECLARED_SELECTOR = YES;
				GCC_WARN_UNINITIALIZED_AUTOS = YES_AGGRESSIVE;
				GCC_WARN_UNUSED_FUNCTION = YES;
				GCC_WARN_UNUSED_VARIABLE = YES;
				MACOSX_DEPLOYMENT_TARGET = 10.11;
				MTL_ENABLE_DEBUG_INFO = YES;
				ONLY_ACTIVE_ARCH = YES;
				SDKROOT = macosx;
			};
			name = Debug;
		};
		8B11C6631D0D309100693D78 /* Release */ = {
			isa = XCBuildConfiguration;
			buildSettings = {
				ALWAYS_SEARCH_USER_PATHS = NO;
				CLANG_ANALYZER_NONNULL = YES;
				CLANG_CXX_LANGUAGE_STANDARD = "gnu++0x";
				CLANG_CXX_LIBRARY = "libc++";
				CLANG_ENABLE_MODULES = YES;
				CLANG_ENABLE_OBJC_ARC = YES;
				CLANG_WARN_BOOL_CONVERSION = YES;
				CLANG_WARN_CONSTANT_CONVERSION = YES;
				CLANG_WARN_DIRECT_OBJC_ISA_USAGE = YES_ERROR;
				CLANG_WARN_EMPTY_BODY = YES;
				CLANG_WARN_ENUM_CONVERSION = YES;
				CLANG_WARN_INT_CONVERSION = YES;
				CLANG_WARN_OBJC_ROOT_CLASS = YES_ERROR;
				CLANG_WARN_UNREACHABLE_CODE = YES;
				CLANG_WARN__DUPLICATE_METHOD_MATCH = YES;
				CODE_SIGN_IDENTITY = "-";
				COPY_PHASE_STRIP = NO;
				DEBUG_INFORMATION_FORMAT = "dwarf-with-dsym";
				ENABLE_NS_ASSERTIONS = NO;
				ENABLE_STRICT_OBJC_MSGSEND = YES;
				GCC_C_LANGUAGE_STANDARD = gnu99;
				GCC_NO_COMMON_BLOCKS = YES;
				GCC_WARN_64_TO_32_BIT_CONVERSION = YES;
				GCC_WARN_ABOUT_RETURN_TYPE = YES_ERROR;
				GCC_WARN_UNDECLARED_SELECTOR = YES;
				GCC_WARN_UNINITIALIZED_AUTOS = YES_AGGRESSIVE;
				GCC_WARN_UNUSED_FUNCTION = YES;
				GCC_WARN_UNUSED_VARIABLE = YES;
				MACOSX_DEPLOYMENT_TARGET = 10.11;
				MTL_ENABLE_DEBUG_INFO = NO;
				SDKROOT = macosx;
			};
			name = Release;
		};
		8B11C6691D0D30C300693D78 /* Debug */ = {
			isa = XCBuildConfiguration;
			buildSettings = {
				DEBUGGING_SYMBOLS = YES;
				DEBUG_INFORMATION_FORMAT = dwarf;
				GCC_GENERATE_DEBUGGING_SYMBOLS = YES;
				GCC_OPTIMIZATION_LEVEL = 0;
				OTHER_CFLAGS = "";
				OTHER_LDFLAGS = "";
				PRODUCT_NAME = "$(TARGET_NAME)";
			};
			name = Debug;
		};
		8B11C66A1D0D30C300693D78 /* Release */ = {
			isa = XCBuildConfiguration;
			buildSettings = {
				DEBUG_INFORMATION_FORMAT = "dwarf-with-dsym";
				OTHER_CFLAGS = "";
				OTHER_LDFLAGS = "";
				PRODUCT_NAME = "$(TARGET_NAME)";
			};
			name = Release;
		};
/* End XCBuildConfiguration section */

/* Begin XCConfigurationList section */
		8B11C6591D0D309100693D78 /* Build configuration list for PBXProject "libxml-ruby" */ = {
			isa = XCConfigurationList;
			buildConfigurations = (
				8B11C6621D0D309100693D78 /* Debug */,
				8B11C6631D0D309100693D78 /* Release */,
			);
			defaultConfigurationIsVisible = 0;
			defaultConfigurationName = Release;
		};
		8B11C6681D0D30C300693D78 /* Build configuration list for PBXLegacyTarget "libxml-ruby" */ = {
			isa = XCConfigurationList;
			buildConfigurations = (
				8B11C6691D0D30C300693D78 /* Debug */,
				8B11C66A1D0D30C300693D78 /* Release */,
			);
			defaultConfigurationIsVisible = 0;
			defaultConfigurationName = Release;
		};
/* End XCConfigurationList section */
	};
	rootObject = 8B11C6561D0D309100693D78 /* Project object */;
}
